dependencies:
- name: lagoon-build-deploy
  repository: https://uselagoon.github.io/lagoon-charts/
  version: 0.5.1
- name: dioscuri
  repository: https://amazeeio.github.io/charts/
  version: 0.3.2
- name: dbaas-operator
  repository: https://amazeeio.github.io/charts/
  version: 0.2.1
- name: lagoon-gatekeeper
  repository: https://uselagoon.github.io/lagoon-charts/
  version: 0.3.1
digest: sha256:0e5b11b77901e3d471b6043b126f0b7e9c5a3289170a8ae54c523ca3053e6917
generated: "2021-04-01T13:56:47.387511098+08:00"
